{
  "lockfile_version": "1",
  "packages": {
    "ansible-doctor@8.3.2": {
      "last_modified": "2026-06-22T09:00:13Z",
      "resolved": "github:NixOS/nixpkgs/b3c092d3c36d91e2f61f3dfb39a159f180a56659#ansible-doctor",
      "source": "devbox-search",
      "version": "8.3.2",
      "systems": {
        "aarch64-darwin": {
          "outputs": [
            {
              "name": "out",
              "path": "/nix/store/ch6f6lbypliyw910nmz4b0diszzbkglb-ansible-doctor-8.3.2",
              "default": true
            },
            {
              "name": "dist",
              "path": "/nix/store/a5jmqaw687x1nbm9j0c838h7jx8xphhk-ansible-doctor-8.3.2-dist"
            }
          ],
          "store_path": "/nix/store/ch6f6lbypliyw910nmz4b0diszzbkglb-ansible-doctor-8.3.2"
        },
        "aarch64-linux": {
          "outputs": [
            {
              "name": "out",
              "path": "/nix/store/a2a6pzby1nzk3k9x6vg82s385y95g0pc-ansible-doctor-8.3.2",
              "default": true
            },
            {
              "name": "dist",
              "path": "/nix/store/iqwzcd4pds7drfgl9jmgvzwbjpwxaphh-ansible-doctor-8.3.2-dist"
            }
          ],
          "store_path": "/nix/store/a2a6pzby1nzk3k9x6vg82s385y95g0pc-ansible-doctor-8.3.2"
        },
        "x86_64-darwin": {
          "outputs": [
            {
              "name": "out",
              "path": "/nix/store/x7dl78cpzjhfj4nspz0ljiyx7i5ikz9k-ansible-doctor-8.3.2",
              "default": true
            },
            {
              "name": "dist",
              "path": "/nix/store/3f27vvdv4wd1px8k5b3vnca9dn30p91k-ansible-doctor-8.3.2-dist"
            }
          ],
          "store_path": "/nix/store/x7dl78cpzjhfj4nspz0ljiyx7i5ikz9k-ansible-doctor-8.3.2"
        },
        "x86_64-linux": {
          "outputs": [
            {
              "name": "out",
              "path": "/nix/store/r5rkqxwmll2vp3b65y0a1gn0xca9afkd-ansible-doctor-8.3.2",
              "default": true
            },
            {
              "name": "dist",
              "path": "/nix/store/x7yxgfmpxlx00zk8j9bm5ak4z32rppsc-ansible-doctor-8.3.2-dist"
            }
          ],
          "store_path": "/nix/store/r5rkqxwmll2vp3b65y0a1gn0xca9afkd-ansible-doctor-8.3.2"
        }
      }
    },
    "ansible-lint@25.8.2": {
      "last_modified": "2026-04-09T02:28:59Z",
      "resolved": "github:NixOS/nixpkgs/0f7663154ff2fec150f9dbf5f81ec2785dc1e0db#ansible-lint",
      "source": "devbox-search",
      "version": "25.8.2",
      "systems": {
        "aarch64-darwin": {
          "outputs": [
            {
              "name": "out",
              "path": "/nix/store/zdhl2kr549fd9428k8i6af5whkkgv1r8-ansible-lint-25.8.2",
              "default": true
            },
            {
              "name": "dist",
              "path": "/nix/store/acymk6c6cpbarcmzn6kpph07aj6khlwi-ansible-lint-25.8.2-dist"
            }
          ],
          "store_path": "/nix/store/zdhl2kr549fd9428k8i6af5whkkgv1r8-ansible-lint-25.8.2"
        },
        "aarch64-linux": {
          "outputs": [
            {
              "name": "out",
              "path": "/nix/store/1wdjnpm5y1fs3jl0anyqa4jv3nnffvz3-ansible-lint-25.8.2",
              "default": true
            },
            {
              "name": "dist",
              "path": "/nix/store/pdmz3q94h73sgln4ckr3ihlila833bzd-ansible-lint-25.8.2-dist"
            }
          ],
          "store_path": "/nix/store/1wdjnpm5y1fs3jl0anyqa4jv3nnffvz3-ansible-lint-25.8.2"
        },
        "x86_64-darwin": {
          "outputs": [
            {
              "name": "out",
              "path": "/nix/store/4s38dsqrcb7hq04czafszp8wasa90vg1-ansible-lint-25.8.2",
              "default": true
            },
            {
              "name": "dist",
              "path": "/nix/store/81sgkkkqh372r61xl322fxqcvbgkb26m-ansible-lint-25.8.2-dist"
            }
          ],
          "store_path": "/nix/store/4s38dsqrcb7hq04czafszp8wasa90vg1-ansible-lint-25.8.2"
        },
        "x86_64-linux": {
          "outputs": [
            {
              "name": "out",
              "path": "/nix/store/sjl5fxjfgaa7pzlvy90vynb2gghxc9kd-ansible-lint-25.8.2",
              "default": true
            },
            {
              "name": "dist",
              "path": "/nix/store/8cl95fps03csbdwglzg9g5zh7ccdxz42-ansible-lint-25.8.2-dist"
            }
          ],
          "store_path": "/nix/store/sjl5fxjfgaa7pzlvy90vynb2gghxc9kd-ansible-lint-25.8.2"
        }
      }
    },
    "git@2.54.0": {
      "last_modified": "2026-05-26T09:13:58Z",
      "resolved": "github:NixOS/nixpkgs/f44f7788c891fbe5542177df78374f8cdab10e8f#git",
      "source": "devbox-search",
      "version": "2.54.0",
      "systems": {
        "aarch64-darwin": {
          "outputs": [
            {
              "name": "out",
              "path": "/nix/store/a14yxcqvv9x2l9mllgpirzhvz93pgprg-git-2.54.0",
              "default": true
            },
            {
              "name": "doc",
              "path": "/nix/store/zn8gmbxxf5398hxg6y6nk5jimj85qj69-git-2.54.0-doc"
            }
          ],
          "store_path": "/nix/store/a14yxcqvv9x2l9mllgpirzhvz93pgprg-git-2.54.0"
        },
        "aarch64-linux": {
          "outputs": [
            {
              "name": "out",
              "path": "/nix/store/ixp98f9avf8ikpdrmp40cj33g0dazyp9-git-2.54.0",
              "default": true
            },
            {
              "name": "debug",
              "path": "/nix/store/c7mafmqf28l7898rpbqqkd0p3m42hc03-git-2.54.0-debug"
            },
            {
              "name": "doc",
              "path": "/nix/store/klwr4n2snj7ldlpkhwarwlif80myx0vj-git-2.54.0-doc"
            }
          ],
          "store_path": "/nix/store/ixp98f9avf8ikpdrmp40cj33g0dazyp9-git-2.54.0"
        },
        "x86_64-darwin": {
          "outputs": [
            {
              "name": "out",
              "path": "/nix/store/s9lsrlgwr3sabw9a2dl3laykas0ijk85-git-2.54.0",
              "default": true
            },
            {
              "name": "doc",
              "path": "/nix/store/agyxy5ay4x06b52mj24rz44fc82328ha-git-2.54.0-doc"
            }
          ],
          "store_path": "/nix/store/s9lsrlgwr3sabw9a2dl3laykas0ijk85-git-2.54.0"
        },
        "x86_64-linux": {
          "outputs": [
            {
              "name": "out",
              "path": "/nix/store/bcnisk3ydfgv26v2gw3zlky24g00yww2-git-2.54.0",
              "default": true
            },
            {
              "name": "debug",
              "path": "/nix/store/72fyakk8w8idjbksk0h8jbkq6sgvcm85-git-2.54.0-debug"
            },
            {
              "name": "doc",
              "path": "/nix/store/l444690y78nfdwyzm6mghagl7xa97myf-git-2.54.0-doc"
            }
          ],
          "store_path": "/nix/store/bcnisk3ydfgv26v2gw3zlky24g00yww2-git-2.54.0"
        }
      }
    },
    "github:NixOS/nixpkgs/nixpkgs-unstable": {
      "last_modified": "2026-02-27T06:27:13Z",
      "resolved": "github:NixOS/nixpkgs/c0f3d81a7ddbc2b1332be0d8481a672b4f6004d6?lastModified=1772173633&narHash=sha256-MOH58F4AIbCkh6qlQcwMycyk5SWvsqnS%2FTCfnqDlpj4%3D"
    },
    "glibcLocales@2.40-66": {
      "last_modified": "2025-12-31T03:27:36Z",
      "resolved": "github:NixOS/nixpkgs/f665af0cdb70ed27e1bd8f9fdfecaf451260fc55#glibcLocales",
      "source": "devbox-search",
      "version": "2.40-66",
      "systems": {
        "aarch64-linux": {
          "outputs": [
            {
              "name": "out",
              "path": "/nix/store/0mrra8k6h7dvs6dmq3f4ilsm0v33d01z-glibc-locales-2.40-66",
              "default": true
            }
          ],
          "store_path": "/nix/store/0mrra8k6h7dvs6dmq3f4ilsm0v33d01z-glibc-locales-2.40-66"
        },
        "x86_64-linux": {
          "outputs": [
            {
              "name": "out",
              "path": "/nix/store/wmwyf3bxrhg5ssd477dp99986wh4mzmm-glibc-locales-2.40-66",
              "default": true
            }
          ],
          "store_path": "/nix/store/wmwyf3bxrhg5ssd477dp99986wh4mzmm-glibc-locales-2.40-66"
        }
      }
    },
    "go-task@3.48.0": {
      "last_modified": "2026-02-23T15:40:43Z",
      "resolved": "github:NixOS/nixpkgs/80d901ec0377e19ac3f7bb8c035201e2e098cc97#go-task",
      "source": "devbox-search",
      "version": "3.48.0",
      "systems": {
        "aarch64-darwin": {
          "outputs": [
            {
              "name": "out",
              "path": "/nix/store/lwkw29yi53lijzfjqcp01jkaqa5493wi-go-task-3.48.0",
              "default": true
            }
          ],
          "store_path": "/nix/store/lwkw29yi53lijzfjqcp01jkaqa5493wi-go-task-3.48.0"
        },
        "aarch64-linux": {
          "outputs": [
            {
              "name": "out",
              "path": "/nix/store/f6g3n71njj281hawy8chz56c6dy6icb9-go-task-3.48.0",
              "default": true
            }
          ],
          "store_path": "/nix/store/f6g3n71njj281hawy8chz56c6dy6icb9-go-task-3.48.0"
        },
        "x86_64-darwin": {
          "outputs": [
            {
              "name": "out",
              "path": "/nix/store/8ncbi1skdp8x0h5abwxrawffknrascmq-go-task-3.48.0",
              "default": true
            }
          ],
          "store_path": "/nix/store/8ncbi1skdp8x0h5abwxrawffknrascmq-go-task-3.48.0"
        },
        "x86_64-linux": {
          "outputs": [
            {
              "name": "out",
              "path": "/nix/store/5divyc7qn687x3cyq5gnyh46vgx7g9by-go-task-3.48.0",
              "default": true
            }
          ],
          "store_path": "/nix/store/5divyc7qn687x3cyq5gnyh46vgx7g9by-go-task-3.48.0"
        }
      }
    },
    "kind@0.31.0": {
      "last_modified": "2026-02-23T15:40:43Z",
      "resolved": "github:NixOS/nixpkgs/80d901ec0377e19ac3f7bb8c035201e2e098cc97#kind",
      "source": "devbox-search",
      "version": "0.31.0",
      "systems": {
        "aarch64-darwin": {
          "outputs": [
            {
              "name": "out",
              "path": "/nix/store/rda19grlrih0ks0mxzhzy4sqh83mb0x4-kind-0.31.0",
              "default": true
            }
          ],
          "store_path": "/nix/store/rda19grlrih0ks0mxzhzy4sqh83mb0x4-kind-0.31.0"
        },
        "aarch64-linux": {
          "outputs": [
            {
              "name": "out",
              "path": "/nix/store/kfx7g36zfqdynlj9hsaxvbswyh0k35yr-kind-0.31.0",
              "default": true
            }
          ],
          "store_path": "/nix/store/kfx7g36zfqdynlj9hsaxvbswyh0k35yr-kind-0.31.0"
        },
        "x86_64-darwin": {
          "outputs": [
            {
              "name": "out",
              "path": "/nix/store/c2nw6gz2w240crs0afab0braazmaagjk-kind-0.31.0",
              "default": true
            }
          ],
          "store_path": "/nix/store/c2nw6gz2w240crs0afab0braazmaagjk-kind-0.31.0"
        },
        "x86_64-linux": {
          "outputs": [
            {
              "name": "out",
              "path": "/nix/store/j7xm61bjdrampp2bmw3zsbj896zllhgf-kind-0.31.0",
              "default": true
            }
          ],
          "store_path": "/nix/store/j7xm61bjdrampp2bmw3zsbj896zllhgf-kind-0.31.0"
        }
      }
    },
    "kubectl@1.36.2": {
      "last_modified": "2026-06-22T09:00:13Z",
      "resolved": "github:NixOS/nixpkgs/b3c092d3c36d91e2f61f3dfb39a159f180a56659#kubectl",
      "source": "devbox-search",
      "version": "1.36.2",
      "systems": {
        "aarch64-darwin": {
          "outputs": [
            {
              "name": "out",
              "path": "/nix/store/1cxmcb2w5f9kbkj3wwqwffdc9b465f9d-kubectl-1.36.2",
              "default": true
            },
            {
              "name": "man",
              "path": "/nix/store/v294pmbzdql9pcaxy4jmfyxwbgj6hadh-kubectl-1.36.2-man",
              "default": true
            },
            {
              "name": "convert",
              "path": "/nix/store/f5czf8hdsgsa7vamshmb9ra51kjl4l2k-kubectl-1.36.2-convert"
            }
          ],
          "store_path": "/nix/store/1cxmcb2w5f9kbkj3wwqwffdc9b465f9d-kubectl-1.36.2"
        },
        "aarch64-linux": {
          "outputs": [
            {
              "name": "out",
              "path": "/nix/store/5i3ff29j39zv6q35v9qsyg3sprkh98pz-kubectl-1.36.2",
              "default": true
            },
            {
              "name": "man",
              "path": "/nix/store/80cjy804kardx5nyz473627xrrmxdls1-kubectl-1.36.2-man",
              "default": true
            },
            {
              "name": "convert",
              "path": "/nix/store/21lk66bwp5196ykj9wznrbzjxa0y4f2p-kubectl-1.36.2-convert"
            }
          ],
          "store_path": "/nix/store/5i3ff29j39zv6q35v9qsyg3sprkh98pz-kubectl-1.36.2"
        },
        "x86_64-darwin": {
          "outputs": [
            {
              "name": "out",
              "path": "/nix/store/005n0l430bxscjczsghibqddi6qxa708-kubectl-1.36.2",
              "default": true
            },
            {
              "name": "man",
              "path": "/nix/store/alf534psrhjkhlcrd8aba2l1z0ss62lp-kubectl-1.36.2-man",
              "default": true
            },
            {
              "name": "convert",
              "path": "/nix/store/qdpghfw2zqg7yhhpbrc5jgxkxr0flrgd-kubectl-1.36.2-convert"
            }
          ],
          "store_path": "/nix/store/005n0l430bxscjczsghibqddi6qxa708-kubectl-1.36.2"
        },
        "x86_64-linux": {
          "outputs": [
            {
              "name": "out",
              "path": "/nix/store/bhc1p77g2kpmm82s17i68573krh20h6c-kubectl-1.36.2",
              "default": true
            },
            {
              "name": "man",
              "path": "/nix/store/h71pvs4878i8fc191rl5hgqlph2csczc-kubectl-1.36.2-man",
              "default": true
            },
            {
              "name": "convert",
              "path": "/nix/store/jsca2ld5cdk69z21ry6zqiip4whpxrz1-kubectl-1.36.2-convert"
            }
          ],
          "store_path": "/nix/store/bhc1p77g2kpmm82s17i68573krh20h6c-kubectl-1.36.2"
        }
      }
    },
    "kubernetes-helm@3.20.2": {
      "last_modified": "2026-04-23T13:07:47Z",
      "resolved": "github:NixOS/nixpkgs/01fbdeef22b76df85ea168fbfe1bfd9e63681b30#kubernetes-helm",
      "source": "devbox-search",
      "version": "3.20.2",
      "systems": {
        "aarch64-darwin": {
          "outputs": [
            {
              "name": "out",
              "path": "/nix/store/aa9sfjsr2w4g8xg6n9jznh18wvan4bwm-kubernetes-helm-3.20.2",
              "default": true
            }
          ],
          "store_path": "/nix/store/aa9sfjsr2w4g8xg6n9jznh18wvan4bwm-kubernetes-helm-3.20.2"
        },
        "aarch64-linux": {
          "outputs": [
            {
              "name": "out",
              "path": "/nix/store/wl1mr80ci6hj5x6nscdxqcalw2ppjf2r-kubernetes-helm-3.20.2",
              "default": true
            }
          ],
          "store_path": "/nix/store/wl1mr80ci6hj5x6nscdxqcalw2ppjf2r-kubernetes-helm-3.20.2"
        },
        "x86_64-darwin": {
          "outputs": [
            {
              "name": "out",
              "path": "/nix/store/4b3hmzwr3ydsc9gh7rv665bgp4qf2n7z-kubernetes-helm-3.20.2",
              "default": true
            }
          ],
          "store_path": "/nix/store/4b3hmzwr3ydsc9gh7rv665bgp4qf2n7z-kubernetes-helm-3.20.2"
        },
        "x86_64-linux": {
          "outputs": [
            {
              "name": "out",
              "path": "/nix/store/2qwwk0cxj9qx9c79hdhja4s4wmzikia5-kubernetes-helm-3.20.2",
              "default": true
            }
          ],
          "store_path": "/nix/store/2qwwk0cxj9qx9c79hdhja4s4wmzikia5-kubernetes-helm-3.20.2"
        }
      }
    },
    "prek@0.3.11": {
      "last_modified": "2026-05-04T18:13:23Z",
      "resolved": "github:NixOS/nixpkgs/afc5551119aae6eab73a95c1960891cfe63204f6#prek",
      "source": "devbox-search",
      "version": "0.3.11",
      "systems": {
        "aarch64-darwin": {
          "outputs": [
            {
              "name": "out",
              "path": "/nix/store/zdpwgxd5caryrvlm3axcbyf2k38qd9xn-prek-0.3.11",
              "default": true
            }
          ],
          "store_path": "/nix/store/zdpwgxd5caryrvlm3axcbyf2k38qd9xn-prek-0.3.11"
        },
        "aarch64-linux": {
          "outputs": [
            {
              "name": "out",
              "path": "/nix/store/x4nww3rfyr6ypflrsnpmjwvh40nqvfr8-prek-0.3.11",
              "default": true
            }
          ],
          "store_path": "/nix/store/x4nww3rfyr6ypflrsnpmjwvh40nqvfr8-prek-0.3.11"
        },
        "x86_64-darwin": {
          "outputs": [
            {
              "name": "out",
              "path": "/nix/store/1c1l1awmihfg56089240qr40ryq9p7by-prek-0.3.11",
              "default": true
            }
          ],
          "store_path": "/nix/store/1c1l1awmihfg56089240qr40ryq9p7by-prek-0.3.11"
        },
        "x86_64-linux": {
          "outputs": [
            {
              "name": "out",
              "path": "/nix/store/ynj2jbamrgjfmaajlxfhnh1fhvwq0qzy-prek-0.3.11",
              "default": true
            }
          ],
          "store_path": "/nix/store/ynj2jbamrgjfmaajlxfhnh1fhvwq0qzy-prek-0.3.11"
        }
      }
    },
    "python313Packages.ansible@13.7.0": {
      "last_modified": "2026-05-31T16:57:23Z",
      "resolved": "github:NixOS/nixpkgs/3109eaae18e09d0b8aef23dc2579e7d94b8d4b4e#python313Packages.ansible",
      "source": "devbox-search",
      "version": "13.7.0",
      "systems": {
        "aarch64-darwin": {
          "outputs": [
            {
              "name": "out",
              "path": "/nix/store/ski67zprwjb3msilaf8yv6wz8bz3w9l1-python3.13-ansible-13.7.0",
              "default": true
            },
            {
              "name": "dist",
              "path": "/nix/store/xi1zbkn3w5652gwmqirrzrh0bgkc5iln-python3.13-ansible-13.7.0-dist"
            }
          ],
          "store_path": "/nix/store/ski67zprwjb3msilaf8yv6wz8bz3w9l1-python3.13-ansible-13.7.0"
        },
        "aarch64-linux": {
          "outputs": [
            {
              "name": "out",
              "path": "/nix/store/mnwznhh04796hpx36znaffhypx9vf4j1-python3.13-ansible-13.7.0",
              "default": true
            },
            {
              "name": "dist",
              "path": "/nix/store/00n5z2kdw3bk1i0rn7xpbw9dripd2qly-python3.13-ansible-13.7.0-dist"
            }
          ],
          "store_path": "/nix/store/mnwznhh04796hpx36znaffhypx9vf4j1-python3.13-ansible-13.7.0"
        },
        "x86_64-darwin": {
          "outputs": [
            {
              "name": "out",
              "path": "/nix/store/ql6c1qafsni7l196f50pymm6y8rpir37-python3.13-ansible-13.7.0",
              "default": true
            },
            {
              "name": "dist",
              "path": "/nix/store/k64zkx6kr40qhkj6sli88fhwq0x78nfb-python3.13-ansible-13.7.0-dist"
            }
          ],
          "store_path": "/nix/store/ql6c1qafsni7l196f50pymm6y8rpir37-python3.13-ansible-13.7.0"
        },
        "x86_64-linux": {
          "outputs": [
            {
              "name": "out",
              "path": "/nix/store/3fq14d1jxzn8yixj2ilikd4640kx5dck-python3.13-ansible-13.7.0",
              "default": true
            },
            {
              "name": "dist",
              "path": "/nix/store/8qqrn84hm450ayd4w6q4wza7gx8b7mh3-python3.13-ansible-13.7.0-dist"
            }
          ],
          "store_path": "/nix/store/3fq14d1jxzn8yixj2ilikd4640kx5dck-python3.13-ansible-13.7.0"
        }
      }
    },
    "python313Packages.kubernetes@35.0.0": {
      "last_modified": "2026-03-21T07:29:51Z",
      "resolved": "github:NixOS/nixpkgs/09061f748ee21f68a089cd5d91ec1859cd93d0be#python313Packages.kubernetes",
      "source": "devbox-search",
      "version": "35.0.0",
      "systems": {
        "aarch64-darwin": {
          "outputs": [
            {
              "name": "out",
              "path": "/nix/store/n7miblm4k39jvsn1lazg19zkvc7n9wfk-python3.13-kubernetes-35.0.0",
              "default": true
            },
            {
              "name": "dist",
              "path": "/nix/store/qcvn17liz5abkl7lhc59mpc6idwd1kv3-python3.13-kubernetes-35.0.0-dist"
            }
          ],
          "store_path": "/nix/store/n7miblm4k39jvsn1lazg19zkvc7n9wfk-python3.13-kubernetes-35.0.0"
        },
        "aarch64-linux": {
          "outputs": [
            {
              "name": "out",
              "path": "/nix/store/lvb8yf7vw9r0jil4m0rm2fdawnb0d2hj-python3.13-kubernetes-35.0.0",
              "default": true
            },
            {
              "name": "dist",
              "path": "/nix/store/6dwq16br7zg5bx8ns027vgdg06wrlvmy-python3.13-kubernetes-35.0.0-dist"
            }
          ],
          "store_path": "/nix/store/lvb8yf7vw9r0jil4m0rm2fdawnb0d2hj-python3.13-kubernetes-35.0.0"
        },
        "x86_64-darwin": {
          "outputs": [
            {
              "name": "out",
              "path": "/nix/store/32mz4kqmg9q14n7dw1x16cqpmrvypm1g-python3.13-kubernetes-35.0.0",
              "default": true
            },
            {
              "name": "dist",
              "path": "/nix/store/7c51y2dn0y29jdw5dw0a7xjb2siwa8ik-python3.13-kubernetes-35.0.0-dist"
            }
          ],
          "store_path": "/nix/store/32mz4kqmg9q14n7dw1x16cqpmrvypm1g-python3.13-kubernetes-35.0.0"
        },
        "x86_64-linux": {
          "outputs": [
            {
              "name": "out",
              "path": "/nix/store/c3iiakcv7hzl9zyii88scqbc3y2m7gkx-python3.13-kubernetes-35.0.0",
              "default": true
            },
            {
              "name": "dist",
              "path": "/nix/store/89rmh1xfvrwbrjxxlggak4y1qaqfmz97-python3.13-kubernetes-35.0.0-dist"
            }
          ],
          "store_path": "/nix/store/c3iiakcv7hzl9zyii88scqbc3y2m7gkx-python3.13-kubernetes-35.0.0"
        }
      }
    },
    "python313Packages.molecule-plugins@25.8.12": {
      "last_modified": "2026-06-11T01:27:03Z",
      "resolved": "github:NixOS/nixpkgs/b503dde361500433ca25a32e8f4d218bf58fb659#python313Packages.molecule-plugins",
      "source": "devbox-search",
      "version": "25.8.12",
      "systems": {
        "aarch64-darwin": {
          "outputs": [
            {
              "name": "out",
              "path": "/nix/store/rqifd28w8xhj0akdqv5qz4c4p3frpdmn-python3.13-molecule-plugins-25.8.12",
              "default": true
            },
            {
              "name": "dist",
              "path": "/nix/store/nx5kgqz99w038wvhc66mzx6x43643llb-python3.13-molecule-plugins-25.8.12-dist"
            }
          ],
          "store_path": "/nix/store/rqifd28w8xhj0akdqv5qz4c4p3frpdmn-python3.13-molecule-plugins-25.8.12"
        },
        "aarch64-linux": {
          "outputs": [
            {
              "name": "out",
              "path": "/nix/store/lqvk91nmc8glg1znpmm4924yqhmydrjf-python3.13-molecule-plugins-25.8.12",
              "default": true
            },
            {
              "name": "dist",
              "path": "/nix/store/1lg3v7ygqwf0r1pv8yj1p5di93bd652c-python3.13-molecule-plugins-25.8.12-dist"
            }
          ],
          "store_path": "/nix/store/lqvk91nmc8glg1znpmm4924yqhmydrjf-python3.13-molecule-plugins-25.8.12"
        },
        "x86_64-darwin": {
          "outputs": [
            {
              "name": "out",
              "path": "/nix/store/i4gbs09hby22dysib03bn25a9j5ivhdx-python3.13-molecule-plugins-25.8.12",
              "default": true
            },
            {
              "name": "dist",
              "path": "/nix/store/4zs6a0nqs00kxjk9wg0krkzrkrqcfm28-python3.13-molecule-plugins-25.8.12-dist"
            }
          ],
          "store_path": "/nix/store/i4gbs09hby22dysib03bn25a9j5ivhdx-python3.13-molecule-plugins-25.8.12"
        },
        "x86_64-linux": {
          "outputs": [
            {
              "name": "out",
              "path": "/nix/store/frv5vplnkpq1lq62ap4js0shw1a7wbrn-python3.13-molecule-plugins-25.8.12",
              "default": true
            },
            {
              "name": "dist",
              "path": "/nix/store/gadjdj1cc03lia6rj3fq98m7bwq39z2i-python3.13-molecule-plugins-25.8.12-dist"
            }
          ],
          "store_path": "/nix/store/frv5vplnkpq1lq62ap4js0shw1a7wbrn-python3.13-molecule-plugins-25.8.12"
        }
      }
    },
    "python313Packages.molecule@26.4.0": {
      "last_modified": "2026-04-23T13:07:47Z",
      "resolved": "github:NixOS/nixpkgs/01fbdeef22b76df85ea168fbfe1bfd9e63681b30#python313Packages.molecule",
      "source": "devbox-search",
      "version": "26.4.0",
      "systems": {
        "aarch64-darwin": {
          "outputs": [
            {
              "name": "out",
              "path": "/nix/store/8jy2w7dyv5fl5hbb1ca69xpp9jigyax4-python3.13-molecule-26.4.0",
              "default": true
            },
            {
              "name": "dist",
              "path": "/nix/store/g0pm9vmhz85hsdb01ryk01v0hrahpa8n-python3.13-molecule-26.4.0-dist"
            }
          ],
          "store_path": "/nix/store/8jy2w7dyv5fl5hbb1ca69xpp9jigyax4-python3.13-molecule-26.4.0"
        },
        "aarch64-linux": {
          "outputs": [
            {
              "name": "out",
              "path": "/nix/store/jw3vx6hsnaccv2xxb4b22xpjpszm1py1-python3.13-molecule-26.4.0",
              "default": true
            },
            {
              "name": "dist",
              "path": "/nix/store/8r88p6nls1mm8zk3gxl8ys6xalyp8076-python3.13-molecule-26.4.0-dist"
            }
          ],
          "store_path": "/nix/store/jw3vx6hsnaccv2xxb4b22xpjpszm1py1-python3.13-molecule-26.4.0"
        },
        "x86_64-darwin": {
          "outputs": [
            {
              "name": "out",
              "path": "/nix/store/j3phlxx6z1sz5b0kbzarvb2c4di2j9fc-python3.13-molecule-26.4.0",
              "default": true
            },
            {
              "name": "dist",
              "path": "/nix/store/n32x70zz46rsvw7q31j9k85gl0mg2rij-python3.13-molecule-26.4.0-dist"
            }
          ],
          "store_path": "/nix/store/j3phlxx6z1sz5b0kbzarvb2c4di2j9fc-python3.13-molecule-26.4.0"
        },
        "x86_64-linux": {
          "outputs": [
            {
              "name": "out",
              "path": "/nix/store/j96bxsb0hj1kk9nfcd1vvrqyvh5a3cyw-python3.13-molecule-26.4.0",
              "default": true
            },
            {
              "name": "dist",
              "path": "/nix/store/wzc8m6514czb421741dizma732v0sy58-python3.13-molecule-26.4.0-dist"
            }
          ],
          "store_path": "/nix/store/j96bxsb0hj1kk9nfcd1vvrqyvh5a3cyw-python3.13-molecule-26.4.0"
        }
      }
    },
    "yamllint@1.37.1": {
      "last_modified": "2026-02-23T15:40:43Z",
      "resolved": "github:NixOS/nixpkgs/80d901ec0377e19ac3f7bb8c035201e2e098cc97#yamllint",
      "source": "devbox-search",
      "version": "1.37.1",
      "systems": {
        "aarch64-darwin": {
          "outputs": [
            {
              "name": "out",
              "path": "/nix/store/3q7v9msz48z2vi736rymcjc1gi8c49iq-python3.13-yamllint-1.37.1",
              "default": true
            },
            {
              "name": "dist",
              "path": "/nix/store/55z9bkc64vm4b60rfn7y79ghklqkjsa5-python3.13-yamllint-1.37.1-dist"
            }
          ],
          "store_path": "/nix/store/3q7v9msz48z2vi736rymcjc1gi8c49iq-python3.13-yamllint-1.37.1"
        },
        "aarch64-linux": {
          "outputs": [
            {
              "name": "out",
              "path": "/nix/store/ianlcqlfq1zgswzrjyki2hnmc6n2k1hk-python3.13-yamllint-1.37.1",
              "default": true
            },
            {
              "name": "dist",
              "path": "/nix/store/fgs9isa3cyy2bg99vw92lyi3hmll7wnb-python3.13-yamllint-1.37.1-dist"
            }
          ],
          "store_path": "/nix/store/ianlcqlfq1zgswzrjyki2hnmc6n2k1hk-python3.13-yamllint-1.37.1"
        },
        "x86_64-darwin": {
          "outputs": [
            {
              "name": "out",
              "path": "/nix/store/28i8a0xn0bwagyx1ql95f518qf6qy68d-python3.13-yamllint-1.37.1",
              "default": true
            },
            {
              "name": "dist",
              "path": "/nix/store/9jmffbksg7dm2ja3gywcap9plspk4mpx-python3.13-yamllint-1.37.1-dist"
            }
          ],
          "store_path": "/nix/store/28i8a0xn0bwagyx1ql95f518qf6qy68d-python3.13-yamllint-1.37.1"
        },
        "x86_64-linux": {
          "outputs": [
            {
              "name": "out",
              "path": "/nix/store/a6k0l2naclakdmypd5frw9bgzyawnlmi-python3.13-yamllint-1.37.1",
              "default": true
            },
            {
              "name": "dist",
              "path": "/nix/store/jk6is2i4c3qs0fp99qw6s5z8v3av20z2-python3.13-yamllint-1.37.1-dist"
            }
          ],
          "store_path": "/nix/store/a6k0l2naclakdmypd5frw9bgzyawnlmi-python3.13-yamllint-1.37.1"
        }
      }
    }
  }
}
